// !$*UTF8*$!
{
	archiveVersion = 1;
	classes = {
	};
	objectVersion = 50;
	objects = {

/* Begin PBXBuildFile section */
		A5DB3DBA2213F4670088E7E3 /* devKitBase.framework in Frameworks */ = {isa = PBXBuildFile; fileRef = A5DB3DB02213F4670088E7E3 /* devKitBase.framework */; };
		A5DB3DBF2213F4670088E7E3 /* devKitBaseTests.swift in Sources */ = {isa = PBXBuildFile; fileRef = A5DB3DBE2213F4670088E7E3 /* devKitBaseTests.swift */; };
		A5DB3DC12213F4670088E7E3 /* devKitBase.h in Headers */ = {isa = PBXBuildFile; fileRef = A5DB3DB32213F4670088E7E3 /* devKitBase.h */; settings = {ATTRIBUTES = (Public, ); }; };
		A5DB3DCE2213FBD40088E7E3 /* Fonts in Resources */ = {isa = PBXBuildFile; fileRef = A5DB3DCA2213FBD40088E7E3 /* Fonts */; };
		A5DB3DCF2213FBD40088E7E3 /* CustomUI in Resources */ = {isa = PBXBuildFile; fileRef = A5DB3DCB2213FBD40088E7E3 /* CustomUI */; };
		A5DB3DD02213FBD40088E7E3 /* Extensions in Resources */ = {isa = PBXBuildFile; fileRef = A5DB3DCC2213FBD40088E7E3 /* Extensions */; };
		A5DB3DD12213FBD40088E7E3 /* Support in Resources */ = {isa = PBXBuildFile; fileRef = A5DB3DCD2213FBD40088E7E3 /* Support */; };
		A5DB3DD3221415650088E7E3 /* LICENSE in Resources */ = {isa = PBXBuildFile; fileRef = A5DB3DD22214155B0088E7E3 /* LICENSE */; };
		B3D06FC5575F1ED439A4BE74 /* libPods-devKitBase.a in Frameworks */ = {isa = PBXBuildFile; fileRef = 2C9513B67C87DA652DBB62F0 /* libPods-devKitBase.a */; };
		D432199DF78D5CA07275C240 /* libPods-devKitBaseTests.a in Frameworks */ = {isa = PBXBuildFile; fileRef = 8405A6E2B245959A5F8CCFFC /* libPods-devKitBaseTests.a */; };
/* End PBXBuildFile section */

/* Begin PBXContainerItemProxy section */
		A5DB3DBB2213F4670088E7E3 /* PBXContainerItemProxy */ = {
			isa = PBXContainerItemProxy;
			containerPortal = A5DB3DA72213F4670088E7E3 /* Project object */;
			proxyType = 1;
			remoteGlobalIDString = A5DB3DAF2213F4670088E7E3;
			remoteInfo = devKitBase;
		};
/* End PBXContainerItemProxy section */

/* Begin PBXFileReference section */
		2C9513B67C87DA652DBB62F0 /* libPods-devKitBase.a */ = {isa = PBXFileReference; explicitFileType = archive.ar; includeInIndex = 0; path = "libPods-devKitBase.a"; sourceTree = BUILT_PRODUCTS_DIR; };
		4E7D704D3F46B3F831B30085 /* Pods-devKitBaseTests.release.xcconfig */ = {isa = PBXFileReference; includeInIndex = 1; lastKnownFileType = text.xcconfig; name = "Pods-devKitBaseTests.release.xcconfig"; path = "Target Support Files/Pods-devKitBaseTests/Pods-devKitBaseTests.release.xcconfig"; sourceTree = "<group>"; };
		4E8D45C5BF74F259A9A8B470 /* Pods-devKitBase.release.xcconfig */ = {isa = PBXFileReference; includeInIndex = 1; lastKnownFileType = text.xcconfig; name = "Pods-devKitBase.release.xcconfig"; path = "Target Support Files/Pods-devKitBase/Pods-devKitBase.release.xcconfig"; sourceTree = "<group>"; };
		8405A6E2B245959A5F8CCFFC /* libPods-devKitBaseTests.a */ = {isa = PBXFileReference; explicitFileType = archive.ar; includeInIndex = 0; path = "libPods-devKitBaseTests.a"; sourceTree = BUILT_PRODUCTS_DIR; };
		A5DB3DB02213F4670088E7E3 /* devKitBase.framework */ = {isa = PBXFileReference; explicitFileType = wrapper.framework; includeInIndex = 0; path = devKitBase.framework; sourceTree = BUILT_PRODUCTS_DIR; };
		A5DB3DB32213F4670088E7E3 /* devKitBase.h */ = {isa = PBXFileReference; lastKnownFileType = sourcecode.c.h; path = devKitBase.h; sourceTree = "<group>"; };
		A5DB3DB42213F4670088E7E3 /* Info.plist */ = {isa = PBXFileReference; lastKnownFileType = text.plist.xml; path = Info.plist; sourceTree = "<group>"; };
		A5DB3DB92213F4670088E7E3 /* devKitBaseTests.xctest */ = {isa = PBXFileReference; explicitFileType = wrapper.cfbundle; includeInIndex = 0; path = devKitBaseTests.xctest; sourceTree = BUILT_PRODUCTS_DIR; };
		A5DB3DBE2213F4670088E7E3 /* devKitBaseTests.swift */ = {isa = PBXFileReference; lastKnownFileType = sourcecode.swift; path = devKitBaseTests.swift; sourceTree = "<group>"; };
		A5DB3DC02213F4670088E7E3 /* Info.plist */ = {isa = PBXFileReference; lastKnownFileType = text.plist.xml; path = Info.plist; sourceTree = "<group>"; };
		A5DB3DCA2213FBD40088E7E3 /* Fonts */ = {isa = PBXFileReference; lastKnownFileType = folder; path = Fonts; sourceTree = "<group>"; };
		A5DB3DCB2213FBD40088E7E3 /* CustomUI */ = {isa = PBXFileReference; lastKnownFileType = folder; path = CustomUI; sourceTree = "<group>"; };
		A5DB3DCC2213FBD40088E7E3 /* Extensions */ = {isa = PBXFileReference; lastKnownFileType = folder; path = Extensions; sourceTree = "<group>"; };
		A5DB3DCD2213FBD40088E7E3 /* Support */ = {isa = PBXFileReference; lastKnownFileType = folder; path = Support; sourceTree = "<group>"; };
		A5DB3DD22214155B0088E7E3 /* LICENSE */ = {isa = PBXFileReference; fileEncoding = 4; lastKnownFileType = text; path = LICENSE; sourceTree = "<group>"; };
		DCFB0D1731199CA28F968C16 /* Pods-devKitBase.debug.xcconfig */ = {isa = PBXFileReference; includeInIndex = 1; lastKnownFileType = text.xcconfig; name = "Pods-devKitBase.debug.xcconfig"; path = "Target Support Files/Pods-devKitBase/Pods-devKitBase.debug.xcconfig"; sourceTree = "<group>"; };
		F366454E30BC367067074CEE /* Pods-devKitBaseTests.debug.xcconfig */ = {isa = PBXFileReference; includeInIndex = 1; lastKnownFileType = text.xcconfig; name = "Pods-devKitBaseTests.debug.xcconfig"; path = "Target Support Files/Pods-devKitBaseTests/Pods-devKitBaseTests.debug.xcconfig"; sourceTree = "<group>"; };
/* End PBXFileReference section */

/* Begin PBXFrameworksBuildPhase section */
		A5DB3DAD2213F4670088E7E3 /* Frameworks */ = {
			isa = PBXFrameworksBuildPhase;
			buildActionMask = 2147483647;
			files = (
				B3D06FC5575F1ED439A4BE74 /* libPods-devKitBase.a in Frameworks */,
			);
			runOnlyForDeploymentPostprocessing = 0;
		};
		A5DB3DB62213F4670088E7E3 /* Frameworks */ = {
			isa = PBXFrameworksBuildPhase;
			buildActionMask = 2147483647;
			files = (
				A5DB3DBA2213F4670088E7E3 /* devKitBase.framework in Frameworks */,
				D432199DF78D5CA07275C240 /* libPods-devKitBaseTests.a in Frameworks */,
			);
			runOnlyForDeploymentPostprocessing = 0;
		};
/* End PBXFrameworksBuildPhase section */

/* Begin PBXGroup section */
		67FEC2724779DCCED5D51267 /* Pods */ = {
			isa = PBXGroup;
			children = (
				DCFB0D1731199CA28F968C16 /* Pods-devKitBase.debug.xcconfig */,
				4E8D45C5BF74F259A9A8B470 /* Pods-devKitBase.release.xcconfig */,
				F366454E30BC367067074CEE /* Pods-devKitBaseTests.debug.xcconfig */,
				4E7D704D3F46B3F831B30085 /* Pods-devKitBaseTests.release.xcconfig */,
			);
			path = Pods;
			sourceTree = "<group>";
		};
		8491874E50B465375B9CE7F1 /* Frameworks */ = {
			isa = PBXGroup;
			children = (
				2C9513B67C87DA652DBB62F0 /* libPods-devKitBase.a */,
				8405A6E2B245959A5F8CCFFC /* libPods-devKitBaseTests.a */,
			);
			name = Frameworks;
			sourceTree = "<group>";
		};
		A5DB3DA62213F4670088E7E3 = {
			isa = PBXGroup;
			children = (
				A5DB3DD22214155B0088E7E3 /* LICENSE */,
				A5DB3DB22213F4670088E7E3 /* devKitBase */,
				A5DB3DBD2213F4670088E7E3 /* devKitBaseTests */,
				A5DB3DB12213F4670088E7E3 /* Products */,
				67FEC2724779DCCED5D51267 /* Pods */,
				8491874E50B465375B9CE7F1 /* Frameworks */,
			);
			sourceTree = "<group>";
		};
		A5DB3DB12213F4670088E7E3 /* Products */ = {
			isa = PBXGroup;
			children = (
				A5DB3DB02213F4670088E7E3 /* devKitBase.framework */,
				A5DB3DB92213F4670088E7E3 /* devKitBaseTests.xctest */,
			);
			name = Products;
			sourceTree = "<group>";
		};
		A5DB3DB22213F4670088E7E3 /* devKitBase */ = {
			isa = PBXGroup;
			children = (
				A5DB3DCB2213FBD40088E7E3 /* CustomUI */,
				A5DB3DCC2213FBD40088E7E3 /* Extensions */,
				A5DB3DCA2213FBD40088E7E3 /* Fonts */,
				A5DB3DCD2213FBD40088E7E3 /* Support */,
				A5DB3DB32213F4670088E7E3 /* devKitBase.h */,
				A5DB3DB42213F4670088E7E3 /* Info.plist */,
			);
			path = devKitBase;
			sourceTree = "<group>";
		};
		A5DB3DBD2213F4670088E7E3 /* devKitBaseTests */ = {
			isa = PBXGroup;
			children = (
				A5DB3DBE2213F4670088E7E3 /* devKitBaseTests.swift */,
				A5DB3DC02213F4670088E7E3 /* Info.plist */,
			);
			path = devKitBaseTests;
			sourceTree = "<group>";
		};
/* End PBXGroup section */

/* Begin PBXHeadersBuildPhase section */
		A5DB3DAB2213F4670088E7E3 /* Headers */ = {
			isa = PBXHeadersBuildPhase;
			buildActionMask = 2147483647;
			files = (
				A5DB3DC12213F4670088E7E3 /* devKitBase.h in Headers */,
			);
			runOnlyForDeploymentPostprocessing = 0;
		};
/* End PBXHeadersBuildPhase section */

/* Begin PBXNativeTarget section */
		A5DB3DAF2213F4670088E7E3 /* devKitBase */ = {
			isa = PBXNativeTarget;
			buildConfigurationList = A5DB3DC42213F4670088E7E3 /* Build configuration list for PBXNativeTarget "devKitBase" */;
			buildPhases = (
				198995834F344092BDE1874B /* [CP] Check Pods Manifest.lock */,
				A5DB3DAB2213F4670088E7E3 /* Headers */,
				A5DB3DAC2213F4670088E7E3 /* Sources */,
				A5DB3DAD2213F4670088E7E3 /* Frameworks */,
				A5DB3DAE2213F4670088E7E3 /* Resources */,
			);
			buildRules = (
			);
			dependencies = (
			);
			name = devKitBase;
			productName = devKitBase;
			productReference = A5DB3DB02213F4670088E7E3 /* devKitBase.framework */;
			productType = "com.apple.product-type.framework";
		};
		A5DB3DB82213F4670088E7E3 /* devKitBaseTests */ = {
			isa = PBXNativeTarget;
			buildConfigurationList = A5DB3DC72213F4670088E7E3 /* Build configuration list for PBXNativeTarget "devKitBaseTests" */;
			buildPhases = (
				7B6DDA1D755BFEB6FF674584 /* [CP] Check Pods Manifest.lock */,
				A5DB3DB52213F4670088E7E3 /* Sources */,
				A5DB3DB62213F4670088E7E3 /* Frameworks */,
				A5DB3DB72213F4670088E7E3 /* Resources */,
				77623C6A5403A7CA9F5F86F1 /* [CP] Copy Pods Resources */,
			);
			buildRules = (
			);
			dependencies = (
				A5DB3DBC2213F4670088E7E3 /* PBXTargetDependency */,
			);
			name = devKitBaseTests;
			productName = devKitBaseTests;
			productReference = A5DB3DB92213F4670088E7E3 /* devKitBaseTests.xctest */;
			productType = "com.apple.product-type.bundle.unit-test";
		};
/* End PBXNativeTarget section */

/* Begin PBXProject section */
		A5DB3DA72213F4670088E7E3 /* Project object */ = {
			isa = PBXProject;
			attributes = {
				LastSwiftUpdateCheck = 1010;
				LastUpgradeCheck = 1010;
				ORGANIZATIONNAME = "Megat Syafiq";
				TargetAttributes = {
					A5DB3DAF2213F4670088E7E3 = {
						CreatedOnToolsVersion = 10.1;
					};
					A5DB3DB82213F4670088E7E3 = {
						CreatedOnToolsVersion = 10.1;
					};
				};
			};
			buildConfigurationList = A5DB3DAA2213F4670088E7E3 /* Build configuration list for PBXProject "devKitBase" */;
			compatibilityVersion = "Xcode 9.3";
			developmentRegion = en;
			hasScannedForEncodings = 0;
			knownRegions = (
				en,
			);
			mainGroup = A5DB3DA62213F4670088E7E3;
			productRefGroup = A5DB3DB12213F4670088E7E3 /* Products */;
			projectDirPath = "";
			projectRoot = "";
			targets = (
				A5DB3DAF2213F4670088E7E3 /* devKitBase */,
				A5DB3DB82213F4670088E7E3 /* devKitBaseTests */,
			);
		};
/* End PBXProject section */

/* Begin PBXResourcesBuildPhase section */
		A5DB3DAE2213F4670088E7E3 /* Resources */ = {
			isa = PBXResourcesBuildPhase;
			buildActionMask = 2147483647;
			files = (
				A5DB3DD12213FBD40088E7E3 /* Support in Resources */,
				A5DB3DD02213FBD40088E7E3 /* Extensions in Resources */,
				A5DB3DCE2213FBD40088E7E3 /* Fonts in Resources */,
				A5DB3DCF2213FBD40088E7E3 /* CustomUI in Resources */,
				A5DB3DD3221415650088E7E3 /* LICENSE in Resources */,
			);
			runOnlyForDeploymentPostprocessing = 0;
		};
		A5DB3DB72213F4670088E7E3 /* Resources */ = {
			isa = PBXResourcesBuildPhase;
			buildActionMask = 2147483647;
			files = (
			);
			runOnlyForDeploymentPostprocessing = 0;
		};
/* End PBXResourcesBuildPhase section */

/* Begin PBXShellScriptBuildPhase section */
		198995834F344092BDE1874B /* [CP] Check Pods Manifest.lock */ = {
			isa = PBXShellScriptBuildPhase;
			buildActionMask = 2147483647;
			files = (
			);
			inputFileListPaths = (
			);
			inputPaths = (
				"${PODS_PODFILE_DIR_PATH}/Podfile.lock",
				"${PODS_ROOT}/Manifest.lock",
			);
			name = "[CP] Check Pods Manifest.lock";
			outputFileListPaths = (
			);
			outputPaths = (
				"$(DERIVED_FILE_DIR)/Pods-devKitBase-checkManifestLockResult.txt",
			);
			runOnlyForDeploymentPostprocessing = 0;
			shellPath = /bin/sh;
			shellScript = "diff \"${PODS_PODFILE_DIR_PATH}/Podfile.lock\" \"${PODS_ROOT}/Manifest.lock\" > /dev/null\nif [ $? != 0 ] ; then\n    # print error to STDERR\n    echo \"error: The sandbox is not in sync with the Podfile.lock. Run 'pod install' or update your CocoaPods installation.\" >&2\n    exit 1\nfi\n# This output is used by Xcode 'outputs' to avoid re-running this script phase.\necho \"SUCCESS\" > \"${SCRIPT_OUTPUT_FILE_0}\"\n";
			showEnvVarsInLog = 0;
		};
		77623C6A5403A7CA9F5F86F1 /* [CP] Copy Pods Resources */ = {
			isa = PBXShellScriptBuildPhase;
			buildActionMask = 2147483647;
			files = (
			);
			inputFileListPaths = (
			);
			inputPaths = (
				"${PODS_ROOT}/Target Support Files/Pods-devKitBaseTests/Pods-devKitBaseTests-resources.sh",
				"${PODS_ROOT}/IQKeyboardManager/IQKeyboardManager/Resources/IQKeyboardManager.bundle",
				"${PODS_CONFIGURATION_BUILD_DIR}/Material/com.cosmicmind.material.icons.bundle",
				"${PODS_CONFIGURATION_BUILD_DIR}/Material/com.cosmicmind.material.fonts.bundle",
			);
			name = "[CP] Copy Pods Resources";
			outputFileListPaths = (
			);
			outputPaths = (
				"${TARGET_BUILD_DIR}/${UNLOCALIZED_RESOURCES_FOLDER_PATH}/IQKeyboardManager.bundle",
				"${TARGET_BUILD_DIR}/${UNLOCALIZED_RESOURCES_FOLDER_PATH}/com.cosmicmind.material.icons.bundle",
				"${TARGET_BUILD_DIR}/${UNLOCALIZED_RESOURCES_FOLDER_PATH}/com.cosmicmind.material.fonts.bundle",
			);
			runOnlyForDeploymentPostprocessing = 0;
			shellPath = /bin/sh;
			shellScript = "\"${PODS_ROOT}/Target Support Files/Pods-devKitBaseTests/Pods-devKitBaseTests-resources.sh\"\n";
			showEnvVarsInLog = 0;
		};
		7B6DDA1D755BFEB6FF674584 /* [CP] Check Pods Manifest.lock */ = {
			isa = PBXShellScriptBuildPhase;
			buildActionMask = 2147483647;
			files = (
			);
			inputFileListPaths = (
			);
			inputPaths = (
				"${PODS_PODFILE_DIR_PATH}/Podfile.lock",
				"${PODS_ROOT}/Manifest.lock",
			);
			name = "[CP] Check Pods Manifest.lock";
			outputFileListPaths = (
			);
			outputPaths = (
				"$(DERIVED_FILE_DIR)/Pods-devKitBaseTests-checkManifestLockResult.txt",
			);
			runOnlyForDeploymentPostprocessing = 0;
			shellPath = /bin/sh;
			shellScript = "diff \"${PODS_PODFILE_DIR_PATH}/Podfile.lock\" \"${PODS_ROOT}/Manifest.lock\" > /dev/null\nif [ $? != 0 ] ; then\n    # print error to STDERR\n    echo \"error: The sandbox is not in sync with the Podfile.lock. Run 'pod install' or update your CocoaPods installation.\" >&2\n    exit 1\nfi\n# This output is used by Xcode 'outputs' to avoid re-running this script phase.\necho \"SUCCESS\" > \"${SCRIPT_OUTPUT_FILE_0}\"\n";
			showEnvVarsInLog = 0;
		};
/* End PBXShellScriptBuildPhase section */

/* Begin PBXSourcesBuildPhase section */
		A5DB3DAC2213F4670088E7E3 /* Sources */ = {
			isa = PBXSourcesBuildPhase;
			buildActionMask = 2147483647;
			files = (
			);
			runOnlyForDeploymentPostprocessing = 0;
		};
		A5DB3DB52213F4670088E7E3 /* Sources */ = {
			isa = PBXSourcesBuildPhase;
			buildActionMask = 2147483647;
			files = (
				A5DB3DBF2213F4670088E7E3 /* devKitBaseTests.swift in Sources */,
			);
			runOnlyForDeploymentPostprocessing = 0;
		};
/* End PBXSourcesBuildPhase section */

/* Begin PBXTargetDependency section */
		A5DB3DBC2213F4670088E7E3 /* PBXTargetDependency */ = {
			isa = PBXTargetDependency;
			target = A5DB3DAF2213F4670088E7E3 /* devKitBase */;
			targetProxy = A5DB3DBB2213F4670088E7E3 /* PBXContainerItemProxy */;
		};
/* End PBXTargetDependency section */

/* Begin XCBuildConfiguration section */
		A5DB3DC22213F4670088E7E3 /* Debug */ = {
			isa = XCBuildConfiguration;
			buildSettings = {
				ALWAYS_SEARCH_USER_PATHS = NO;
				CLANG_ANALYZER_NONNULL = YES;
				CLANG_ANALYZER_NUMBER_OBJECT_CONVERSION = YES_AGGRESSIVE;
				CLANG_CXX_LANGUAGE_STANDARD = "gnu++14";
				CLANG_CXX_LIBRARY = "libc++";
				CLANG_ENABLE_MODULES = YES;
				CLANG_ENABLE_OBJC_ARC = YES;
				CLANG_ENABLE_OBJC_WEAK = YES;
				CLANG_WARN_BLOCK_CAPTURE_AUTORELEASING = YES;
				CLANG_WARN_BOOL_CONVERSION = YES;
				CLANG_WARN_COMMA = YES;
				CLANG_WARN_CONSTANT_CONVERSION = YES;
				CLANG_WARN_DEPRECATED_OBJC_IMPLEMENTATIONS = YES;
				CLANG_WARN_DIRECT_OBJC_ISA_USAGE = YES_ERROR;
				CLANG_WARN_DOCUMENTATION_COMMENTS = YES;
				CLANG_WARN_EMPTY_BODY = YES;
				CLANG_WARN_ENUM_CONVERSION = YES;
				CLANG_WARN_INFINITE_RECURSION = YES;
				CLANG_WARN_INT_CONVERSION = YES;
				CLANG_WARN_NON_LITERAL_NULL_CONVERSION = YES;
				CLANG_WARN_OBJC_IMPLICIT_RETAIN_SELF = YES;
				CLANG_WARN_OBJC_LITERAL_CONVERSION = YES;
				CLANG_WARN_OBJC_ROOT_CLASS = YES_ERROR;
				CLANG_WARN_RANGE_LOOP_ANALYSIS = YES;
				CLANG_WARN_STRICT_PROTOTYPES = YES;
				CLANG_WARN_SUSPICIOUS_MOVE = YES;
				CLANG_WARN_UNGUARDED_AVAILABILITY = YES_AGGRESSIVE;
				CLANG_WARN_UNREACHABLE_CODE = YES;
				CLANG_WARN__DUPLICATE_METHOD_MATCH = YES;
				CODE_SIGN_IDENTITY = "iPhone Developer";
				COPY_PHASE_STRIP = NO;
				CURRENT_PROJECT_VERSION = 1;
				DEBUG_INFORMATION_FORMAT = dwarf;
				ENABLE_STRICT_OBJC_MSGSEND = YES;
				ENABLE_TESTABILITY = YES;
				GCC_C_LANGUAGE_STANDARD = gnu11;
				GCC_DYNAMIC_NO_PIC = NO;
				GCC_NO_COMMON_BLOCKS = YES;
				GCC_OPTIMIZATION_LEVEL = 0;
				GCC_PREPROCESSOR_DEFINITIONS = (
					"DEBUG=1",
					"$(inherited)",
				);
				GCC_WARN_64_TO_32_BIT_CONVERSION = YES;
				GCC_WARN_ABOUT_RETURN_TYPE = YES_ERROR;
				GCC_WARN_UNDECLARED_SELECTOR = YES;
				GCC_WARN_UNINITIALIZED_AUTOS = YES_AGGRESSIVE;
				GCC_WARN_UNUSED_FUNCTION = YES;
				GCC_WARN_UNUSED_VARIABLE = YES;
				IPHONEOS_DEPLOYMENT_TARGET = 12.1;
				MTL_ENABLE_DEBUG_INFO = INCLUDE_SOURCE;
				MTL_FAST_MATH = YES;
				ONLY_ACTIVE_ARCH = YES;
				SDKROOT = iphoneos;
				SWIFT_ACTIVE_COMPILATION_CONDITIONS = DEBUG;
				SWIFT_OPTIMIZATION_LEVEL = "-Onone";
				VERSIONING_SYSTEM = "apple-generic";
				VERSION_INFO_PREFIX = "";
			};
			name = Debug;
		};
		A5DB3DC32213F4670088E7E3 /* Release */ = {
			isa = XCBuildConfiguration;
			buildSettings = {
				ALWAYS_SEARCH_USER_PATHS = NO;
				CLANG_ANALYZER_NONNULL = YES;
				CLANG_ANALYZER_NUMBER_OBJECT_CONVERSION = YES_AGGRESSIVE;
				CLANG_CXX_LANGUAGE_STANDARD = "gnu++14";
				CLANG_CXX_LIBRARY = "libc++";
				CLANG_ENABLE_MODULES = YES;
				CLANG_ENABLE_OBJC_ARC = YES;
				CLANG_ENABLE_OBJC_WEAK = YES;
				CLANG_WARN_BLOCK_CAPTURE_AUTORELEASING = YES;
				CLANG_WARN_BOOL_CONVERSION = YES;
				CLANG_WARN_COMMA = YES;
				CLANG_WARN_CONSTANT_CONVERSION = YES;
				CLANG_WARN_DEPRECATED_OBJC_IMPLEMENTATIONS = YES;
				CLANG_WARN_DIRECT_OBJC_ISA_USAGE = YES_ERROR;
				CLANG_WARN_DOCUMENTATION_COMMENTS = YES;
				CLANG_WARN_EMPTY_BODY = YES;
				CLANG_WARN_ENUM_CONVERSION = YES;
				CLANG_WARN_INFINITE_RECURSION = YES;
				CLANG_WARN_INT_CONVERSION = YES;
				CLANG_WARN_NON_LITERAL_NULL_CONVERSION = YES;
				CLANG_WARN_OBJC_IMPLICIT_RETAIN_SELF = YES;
				CLANG_WARN_OBJC_LITERAL_CONVERSION = YES;
				CLANG_WARN_OBJC_ROOT_CLASS = YES_ERROR;
				CLANG_WARN_RANGE_LOOP_ANALYSIS = YES;
				CLANG_WARN_STRICT_PROTOTYPES = YES;
				CLANG_WARN_SUSPICIOUS_MOVE = YES;
				CLANG_WARN_UNGUARDED_AVAILABILITY = YES_AGGRESSIVE;
				CLANG_WARN_UNREACHABLE_CODE = YES;
				CLANG_WARN__DUPLICATE_METHOD_MATCH = YES;
				CODE_SIGN_IDENTITY = "iPhone Developer";
				COPY_PHASE_STRIP = NO;
				CURRENT_PROJECT_VERSION = 1;
				DEBUG_INFORMATION_FORMAT = "dwarf-with-dsym";
				ENABLE_NS_ASSERTIONS = NO;
				ENABLE_STRICT_OBJC_MSGSEND = YES;
				GCC_C_LANGUAGE_STANDARD = gnu11;
				GCC_NO_COMMON_BLOCKS = YES;
				GCC_WARN_64_TO_32_BIT_CONVERSION = YES;
				GCC_WARN_ABOUT_RETURN_TYPE = YES_ERROR;
				GCC_WARN_UNDECLARED_SELECTOR = YES;
				GCC_WARN_UNINITIALIZED_AUTOS = YES_AGGRESSIVE;
				GCC_WARN_UNUSED_FUNCTION = YES;
				GCC_WARN_UNUSED_VARIABLE = YES;
				IPHONEOS_DEPLOYMENT_TARGET = 12.1;
				MTL_ENABLE_DEBUG_INFO = NO;
				MTL_FAST_MATH = YES;
				SDKROOT = iphoneos;
				SWIFT_COMPILATION_MODE = wholemodule;
				SWIFT_OPTIMIZATION_LEVEL = "-O";
				VALIDATE_PRODUCT = YES;
				VERSIONING_SYSTEM = "apple-generic";
				VERSION_INFO_PREFIX = "";
			};
			name = Release;
		};
		A5DB3DC52213F4670088E7E3 /* Debug */ = {
			isa = XCBuildConfiguration;
			baseConfigurationReference = DCFB0D1731199CA28F968C16 /* Pods-devKitBase.debug.xcconfig */;
			buildSettings = {
				CODE_SIGN_IDENTITY = "";
				CODE_SIGN_STYLE = Automatic;
				DEFINES_MODULE = YES;
				DEVELOPMENT_TEAM = 93J2F7DJ5J;
				DYLIB_COMPATIBILITY_VERSION = 1;
				DYLIB_CURRENT_VERSION = 1;
				DYLIB_INSTALL_NAME_BASE = "@rpath";
				INFOPLIST_FILE = devKitBase/Info.plist;
				INSTALL_PATH = "$(LOCAL_LIBRARY_DIR)/Frameworks";
				LD_RUNPATH_SEARCH_PATHS = (
					"$(inherited)",
					"@executable_path/Frameworks",
					"@loader_path/Frameworks",
				);
				PRODUCT_BUNDLE_IDENTIFIER = com.devKitLibrary.devKitBase;
				PRODUCT_NAME = "$(TARGET_NAME:c99extidentifier)";
				SKIP_INSTALL = YES;
				SWIFT_VERSION = 4.2;
				TARGETED_DEVICE_FAMILY = "1,2";
			};
			name = Debug;
		};
		A5DB3DC62213F4670088E7E3 /* Release */ = {
			isa = XCBuildConfiguration;
			baseConfigurationReference = 4E8D45C5BF74F259A9A8B470 /* Pods-devKitBase.release.xcconfig */;
			buildSettings = {
				CODE_SIGN_IDENTITY = "";
				CODE_SIGN_STYLE = Automatic;
				DEFINES_MODULE = YES;
				DEVELOPMENT_TEAM = 93J2F7DJ5J;
				DYLIB_COMPATIBILITY_VERSION = 1;
				DYLIB_CURRENT_VERSION = 1;
				DYLIB_INSTALL_NAME_BASE = "@rpath";
				INFOPLIST_FILE = devKitBase/Info.plist;
				INSTALL_PATH = "$(LOCAL_LIBRARY_DIR)/Frameworks";
				LD_RUNPATH_SEARCH_PATHS = (
					"$(inherited)",
					"@executable_path/Frameworks",
					"@loader_path/Frameworks",
				);
				PRODUCT_BUNDLE_IDENTIFIER = com.devKitLibrary.devKitBase;
				PRODUCT_NAME = "$(TARGET_NAME:c99extidentifier)";
				SKIP_INSTALL = YES;
				SWIFT_VERSION = 4.2;
				TARGETED_DEVICE_FAMILY = "1,2";
			};
			name = Release;
		};
		A5DB3DC82213F4670088E7E3 /* Debug */ = {
			isa = XCBuildConfiguration;
			baseConfigurationReference = F366454E30BC367067074CEE /* Pods-devKitBaseTests.debug.xcconfig */;
			buildSettings = {
				CODE_SIGN_STYLE = Automatic;
				DEVELOPMENT_TEAM = 93J2F7DJ5J;
				INFOPLIST_FILE = devKitBaseTests/Info.plist;
				LD_RUNPATH_SEARCH_PATHS = (
					"$(inherited)",
					"@executable_path/Frameworks",
					"@loader_path/Frameworks",
				);
				PRODUCT_BUNDLE_IDENTIFIER = com.devKitLibrary.devKitBaseTests;
				PRODUCT_NAME = "$(TARGET_NAME)";
				SWIFT_VERSION = 4.2;
				TARGETED_DEVICE_FAMILY = "1,2";
			};
			name = Debug;
		};
		A5DB3DC92213F4670088E7E3 /* Release */ = {
			isa = XCBuildConfiguration;
			baseConfigurationReference = 4E7D704D3F46B3F831B30085 /* Pods-devKitBaseTests.release.xcconfig */;
			buildSettings = {
				CODE_SIGN_STYLE = Automatic;
				DEVELOPMENT_TEAM = 93J2F7DJ5J;
				INFOPLIST_FILE = devKitBaseTests/Info.plist;
				LD_RUNPATH_SEARCH_PATHS = (
					"$(inherited)",
					"@executable_path/Frameworks",
					"@loader_path/Frameworks",
				);
				PRODUCT_BUNDLE_IDENTIFIER = com.devKitLibrary.devKitBaseTests;
				PRODUCT_NAME = "$(TARGET_NAME)";
				SWIFT_VERSION = 4.2;
				TARGETED_DEVICE_FAMILY = "1,2";
			};
			name = Release;
		};
/* End XCBuildConfiguration section */

/* Begin XCConfigurationList section */
		A5DB3DAA2213F4670088E7E3 /* Build configuration list for PBXProject "devKitBase" */ = {
			isa = XCConfigurationList;
			buildConfigurations = (
				A5DB3DC22213F4670088E7E3 /* Debug */,
				A5DB3DC32213F4670088E7E3 /* Release */,
			);
			defaultConfigurationIsVisible = 0;
			defaultConfigurationName = Release;
		};
		A5DB3DC42213F4670088E7E3 /* Build configuration list for PBXNativeTarget "devKitBase" */ = {
			isa = XCConfigurationList;
			buildConfigurations = (
				A5DB3DC52213F4670088E7E3 /* Debug */,
				A5DB3DC62213F4670088E7E3 /* Release */,
			);
			defaultConfigurationIsVisible = 0;
			defaultConfigurationName = Release;
		};
		A5DB3DC72213F4670088E7E3 /* Build configuration list for PBXNativeTarget "devKitBaseTests" */ = {
			isa = XCConfigurationList;
			buildConfigurations = (
				A5DB3DC82213F4670088E7E3 /* Debug */,
				A5DB3DC92213F4670088E7E3 /* Release */,
			);
			defaultConfigurationIsVisible = 0;
			defaultConfigurationName = Release;
		};
/* End XCConfigurationList section */
	};
	rootObject = A5DB3DA72213F4670088E7E3 /* Project object */;
}
